
Microsoft Visual Studio Solution File, Format Version 12.00
# Visual Studio Version 16
VisualStudioVersion = 16.0.30907.101
MinimumVisualStudioVersion = 10.0.40219.1
Project("{FAE04EC0-301F-11D3-BF4B-00C04F79EFBC}") = "DegerveReferansTipler", "DegerveReferansTipler\DegerveReferansTipler.csproj", "{57CEDA95-971A-4DB3-A438-1F53CE28DF70}"
EndProject
Global
	GlobalSection(SolutionConfigurationPlatforms) = preSolution
		Debug|Any CPU = Debug|Any CPU
		Release|Any CPU = Release|Any CPU
	EndGlobalSection
	GlobalSection(ProjectConfigurationPlatforms) = postSolution
		{57CEDA95-971A-4DB3-A438-1F53CE28DF70}.Debug|Any CPU.ActiveCfg = Debug|Any CPU
		{57CEDA95-971A-4DB3-A438-1F53CE28DF70}.Debug|Any CPU.Build.0 = Debug|Any CPU
		{57CEDA95-971A-4DB3-A438-1F53CE28DF70}.Release|Any CPU.ActiveCfg = Release|Any CPU
		{57CEDA95-971A-4DB3-A438-1F53CE28DF70}.Release|Any CPU.Build.0 = Release|Any CPU
	EndGlobalSection
	GlobalSection(SolutionProperties) = preSolution
		HideSolutionNode = FALSE
	EndGlobalSection
	GlobalSection(ExtensibilityGlobals) = postSolution
		SolutionGuid = {E14C355E-E3AA-4E76-9EB8-1ED1534A4C63}
	EndGlobalSection
EndGlobal
